
Microsoft Visual Studio Solution File, Format Version 12.00
# Visual Studio Version 17
VisualStudioVersion = 17.13.35931.197 d17.13
MinimumVisualStudioVersion = 10.0.40219.1
Project("{FAE04EC0-301F-11D3-BF4B-00C04F79EFBC}") = "ManagementSimulator.API", "ManagementSimulator\ManagementSimulator.API.csproj", "{B933B3B6-244C-43CB-8F3D-FF872A5BC59F}"
EndProject
Project("{FAE04EC0-301F-11D3-BF4B-00C04F79EFBC}") = "ManagementSimulator.Core", "ManagementSimulator.Core\ManagementSimulator.Core.csproj", "{E2007A8F-E90C-48D5-AF98-2208F42D0664}"
EndProject
Project("{FAE04EC0-301F-11D3-BF4B-00C04F79EFBC}") = "ManagementSimulator.Database", "ManagementSimulator.Database\ManagementSimulator.Database.csproj", "{58FD3F5C-0E58-41EB-B58D-D739CAAF1EAF}"
EndProject
Project("{FAE04EC0-301F-11D3-BF4B-00C04F79EFBC}") = "ManagementSimulator.Infrastructure", "ManagementSimulator.Infrastructure\ManagementSimulator.Infrastructure.csproj", "{D3CDC847-F34E-4D2B-8BDE-1FE2645EE629}"
EndProject
Global
	GlobalSection(SolutionConfigurationPlatforms) = preSolution
		Debug|Any CPU = Debug|Any CPU
		Release|Any CPU = Release|Any CPU
	EndGlobalSection
	GlobalSection(ProjectConfigurationPlatforms) = postSolution
		{B933B3B6-244C-43CB-8F3D-FF872A5BC59F}.Debug|Any CPU.ActiveCfg = Debug|Any CPU
		{B933B3B6-244C-43CB-8F3D-FF872A5BC59F}.Debug|Any CPU.Build.0 = Debug|Any CPU
		{B933B3B6-244C-43CB-8F3D-FF872A5BC59F}.Release|Any CPU.ActiveCfg = Release|Any CPU
		{B933B3B6-244C-43CB-8F3D-FF872A5BC59F}.Release|Any CPU.Build.0 = Release|Any CPU
		{E2007A8F-E90C-48D5-AF98-2208F42D0664}.Debug|Any CPU.ActiveCfg = Debug|Any CPU
		{E2007A8F-E90C-48D5-AF98-2208F42D0664}.Debug|Any CPU.Build.0 = Debug|Any CPU
		{E2007A8F-E90C-48D5-AF98-2208F42D0664}.Release|Any CPU.ActiveCfg = Release|Any CPU
		{E2007A8F-E90C-48D5-AF98-2208F42D0664}.Release|Any CPU.Build.0 = Release|Any CPU
		{58FD3F5C-0E58-41EB-B58D-D739CAAF1EAF}.Debug|Any CPU.ActiveCfg = Debug|Any CPU
		{58FD3F5C-0E58-41EB-B58D-D739CAAF1EAF}.Debug|Any CPU.Build.0 = Debug|Any CPU
		{58FD3F5C-0E58-41EB-B58D-D739CAAF1EAF}.Release|Any CPU.ActiveCfg = Release|Any CPU
		{58FD3F5C-0E58-41EB-B58D-D739CAAF1EAF}.Release|Any CPU.Build.0 = Release|Any CPU
		{D3CDC847-F34E-4D2B-8BDE-1FE2645EE629}.Debug|Any CPU.ActiveCfg = Debug|Any CPU
		{D3CDC847-F34E-4D2B-8BDE-1FE2645EE629}.Debug|Any CPU.Build.0 = Debug|Any CPU
		{D3CDC847-F34E-4D2B-8BDE-1FE2645EE629}.Release|Any CPU.ActiveCfg = Release|Any CPU
		{D3CDC847-F34E-4D2B-8BDE-1FE2645EE629}.Release|Any CPU.Build.0 = Release|Any CPU
	EndGlobalSection
	GlobalSection(SolutionProperties) = preSolution
		HideSolutionNode = FALSE
	EndGlobalSection
	GlobalSection(ExtensibilityGlobals) = postSolution
		SolutionGuid = {5F31403A-8D16-4409-B685-24EE3A6AA448}
	EndGlobalSection
EndGlobal
